
Microsoft Visual Studio Solution File, Format Version 12.00
# Visual Studio Version 16
VisualStudioVersion = 16.0.34114.132
MinimumVisualStudioVersion = 10.0.40219.1
Project("{2150E333-8FDC-42A3-9474-1A3956D46DE8}") = "Task0", "Task0", "{D994A777-E5B5-4F68-81DA-EC693C54AECC}"
EndProject
Project("{FAE04EC0-301F-11D3-BF4B-00C04F79EFBC}") = "Tyuiu.BorodulinMS.Sprint5.Task0.V6", "Tyuiu.BorodulinMS.Sprint5.Task0.V6\Tyuiu.BorodulinMS.Sprint5.Task0.V6.csproj", "{03D8256F-8107-4196-A346-5E3EE6E6F11B}"
EndProject
Project("{FAE04EC0-301F-11D3-BF4B-00C04F79EFBC}") = "Tyuiu.BorodulinMS.Sprint5.Task0.V6.Test", "Tyuiu.BorodulinMS.Sprint5.Task0.V6.Test\Tyuiu.BorodulinMS.Sprint5.Task0.V6.Test.csproj", "{DF20C809-2BFB-4486-9A5A-3849FEC0682C}"
EndProject
Project("{FAE04EC0-301F-11D3-BF4B-00C04F79EFBC}") = "Tyuiu.BorodulinMS.Sprint5.Task0.V6.Lib", "Tyuiu.BorodulinMS.Sprint5.Task0.V6.Lib\Tyuiu.BorodulinMS.Sprint5.Task0.V6.Lib.csproj", "{A7375391-FEB3-41AC-879C-6396A4E289DA}"
EndProject
Project("{2150E333-8FDC-42A3-9474-1A3956D46DE8}") = "Task1", "Task1", "{AE8A53B8-4063-43BD-A16D-A2AECB3C9E47}"
EndProject
Project("{FAE04EC0-301F-11D3-BF4B-00C04F79EFBC}") = "Tyuiu.BorodulinMS.Sprint5.Task1.V20", "Tyuiu.BorodulinMS.Sprint5.Task1.V20\Tyuiu.BorodulinMS.Sprint5.Task1.V20.csproj", "{A465D9FA-C198-432B-B63F-5AE6AA45EDEA}"
EndProject
Project("{FAE04EC0-301F-11D3-BF4B-00C04F79EFBC}") = "Tyuiu.BorodulinMS.Sprint5.Task1.V20.Test", "Tyuiu.BorodulinMS.Sprint5.Task1.V20.Test\Tyuiu.BorodulinMS.Sprint5.Task1.V20.Test.csproj", "{8B834A9B-D383-4EC7-BE29-6E9ED2485220}"
EndProject
Project("{FAE04EC0-301F-11D3-BF4B-00C04F79EFBC}") = "Tyuiu.BorodulinMS.Sprint5.Task1.V20.Lib", "Tyuiu.BorodulinMS.Sprint5.Task1.V20.Lib\Tyuiu.BorodulinMS.Sprint5.Task1.V20.Lib.csproj", "{F0FBB6C1-CC0C-4CE3-8BE7-1666FB6EDD2E}"
EndProject
Project("{2150E333-8FDC-42A3-9474-1A3956D46DE8}") = "Task2", "Task2", "{CFA8B515-4726-4FED-8E77-0230B6E2F775}"
EndProject
Project("{FAE04EC0-301F-11D3-BF4B-00C04F79EFBC}") = "Tyuiu.BorodulinMS.Sprint5.Task2.V6", "Tyuiu.BorodulinMS.Sprint5.Task2.V6\Tyuiu.BorodulinMS.Sprint5.Task2.V6.csproj", "{4D21B37C-BB3E-4CFE-8828-85A07EFA806A}"
EndProject
Project("{FAE04EC0-301F-11D3-BF4B-00C04F79EFBC}") = "Tyuiu.BorodulinMS.Sprint5.Task2.V6.Lib", "Tyuiu.BorodulinMS.Sprint5.Task2.V6.Lib\Tyuiu.BorodulinMS.Sprint5.Task2.V6.Lib.csproj", "{D8C2D698-5148-4D2C-B767-3310067C2AD0}"
EndProject
Project("{FAE04EC0-301F-11D3-BF4B-00C04F79EFBC}") = "Tyuiu.BorodulinMS.Sprint5.Task2.V6.Test", "Tyuiu.BorodulinMS.Sprint5.Task2.V6.Test\Tyuiu.BorodulinMS.Sprint5.Task2.V6.Test.csproj", "{17BF99DB-4FA8-438E-A9B4-43595178F2C8}"
EndProject
Project("{2150E333-8FDC-42A3-9474-1A3956D46DE8}") = "Task4", "Task4", "{920795AD-EEF3-42CD-BEB4-BDD315B98B7B}"
EndProject
Project("{FAE04EC0-301F-11D3-BF4B-00C04F79EFBC}") = "Tyuiu.BorodulinMS.Sprint5.Task4.V11", "Tyuiu.BorodulinMS.Sprint5.Task4.V11\Tyuiu.BorodulinMS.Sprint5.Task4.V11.csproj", "{76AA82D7-2CA6-40D5-95C1-A1664481A4AD}"
EndProject
Project("{FAE04EC0-301F-11D3-BF4B-00C04F79EFBC}") = "Tyuiu.BorodulinMS.Sprint5.Task4.V11.Test", "Tyuiu.BorodulinMS.Sprint5.Task4.V11.Test\Tyuiu.BorodulinMS.Sprint5.Task4.V11.Test.csproj", "{2AEF0F9A-BBA9-4021-8AFB-EFC640CC780D}"
EndProject
Project("{FAE04EC0-301F-11D3-BF4B-00C04F79EFBC}") = "Tyuiu.BorodulinMS.Sprint5.Task4.V11.Lib", "Tyuiu.BorodulinMS.Sprint5.Task4.V11.Lib\Tyuiu.BorodulinMS.Sprint5.Task4.V11.Lib.csproj", "{E4261B2E-8669-4C43-996A-C9274AF8EF9F}"
EndProject
Project("{2150E333-8FDC-42A3-9474-1A3956D46DE8}") = "Task5", "Task5", "{2AAF6B86-1294-4DB1-9A36-8E76C2B4D4C4}"
EndProject
Project("{FAE04EC0-301F-11D3-BF4B-00C04F79EFBC}") = "Tyuiu.BorodulinMS.Sprint5.Task5.V9", "Tyuiu.BorodulinMS.Sprint5.Task5.V9\Tyuiu.BorodulinMS.Sprint5.Task5.V9.csproj", "{3CF71DB7-4AD3-477E-8974-F3AFA85BD21D}"
EndProject
Project("{FAE04EC0-301F-11D3-BF4B-00C04F79EFBC}") = "Tyuiu.BorodulinMS.Sprint5.Task5.V9.Lib", "Tyuiu.BorodulinMS.Sprint5.Task5.V9.Lib\Tyuiu.BorodulinMS.Sprint5.Task5.V9.Lib.csproj", "{E7C7E4C6-2527-4544-9F40-76819A8A1F97}"
EndProject
Project("{FAE04EC0-301F-11D3-BF4B-00C04F79EFBC}") = "Tyuiu.BorodulinMS.Sprint5.Task5.V9.Test", "Tyuiu.BorodulinMS.Sprint5.Task5.V9.Test\Tyuiu.BorodulinMS.Sprint5.Task5.V9.Test.csproj", "{33D2DEA3-4964-4AF3-AB39-A9A7973A996F}"
EndProject
Project("{2150E333-8FDC-42A3-9474-1A3956D46DE8}") = "Task6", "Task6", "{85A01C58-5F0E-41DF-87B7-CC764B245E0E}"
EndProject
Project("{FAE04EC0-301F-11D3-BF4B-00C04F79EFBC}") = "Tyuiu.BorodulinMS.Sprint5.Task6.V25", "Tyuiu.BorodulinMS.Sprint5.Task6.V25\Tyuiu.BorodulinMS.Sprint5.Task6.V25.csproj", "{A8EA85B6-981A-4847-9D39-75CD76474D17}"
EndProject
Project("{FAE04EC0-301F-11D3-BF4B-00C04F79EFBC}") = "Tyuiu.BorodulinMS.Sprint5.Task6.V25.Test", "Tyuiu.BorodulinMS.Sprint5.Task6.V25.Test\Tyuiu.BorodulinMS.Sprint5.Task6.V25.Test.csproj", "{939C0AE8-7087-48FA-9095-00DD4C07773C}"
EndProject
Project("{FAE04EC0-301F-11D3-BF4B-00C04F79EFBC}") = "Tyuiu.BorodulinMS.Sprint5.Task6.V25.Lib", "Tyuiu.BorodulinMS.Sprint5.Task6.V25.Lib\Tyuiu.BorodulinMS.Sprint5.Task6.V25.Lib.csproj", "{94F038DC-EA12-488A-89CE-D496C52D9557}"
EndProject
Global
	GlobalSection(SolutionConfigurationPlatforms) = preSolution
		Debug|Any CPU = Debug|Any CPU
		Release|Any CPU = Release|Any CPU
	EndGlobalSection
	GlobalSection(ProjectConfigurationPlatforms) = postSolution
		{03D8256F-8107-4196-A346-5E3EE6E6F11B}.Debug|Any CPU.ActiveCfg = Debug|Any CPU
		{03D8256F-8107-4196-A346-5E3EE6E6F11B}.Debug|Any CPU.Build.0 = Debug|Any CPU
		{03D8256F-8107-4196-A346-5E3EE6E6F11B}.Release|Any CPU.ActiveCfg = Release|Any CPU
		{03D8256F-8107-4196-A346-5E3EE6E6F11B}.Release|Any CPU.Build.0 = Release|Any CPU
		{DF20C809-2BFB-4486-9A5A-3849FEC0682C}.Debug|Any CPU.ActiveCfg = Debug|Any CPU
		{DF20C809-2BFB-4486-9A5A-3849FEC0682C}.Debug|Any CPU.Build.0 = Debug|Any CPU
		{DF20C809-2BFB-4486-9A5A-3849FEC0682C}.Release|Any CPU.ActiveCfg = Release|Any CPU
		{DF20C809-2BFB-4486-9A5A-3849FEC0682C}.Release|Any CPU.Build.0 = Release|Any CPU
		{A7375391-FEB3-41AC-879C-6396A4E289DA}.Debug|Any CPU.ActiveCfg = Debug|Any CPU
		{A7375391-FEB3-41AC-879C-6396A4E289DA}.Debug|Any CPU.Build.0 = Debug|Any CPU
		{A7375391-FEB3-41AC-879C-6396A4E289DA}.Release|Any CPU.ActiveCfg = Release|Any CPU
		{A7375391-FEB3-41AC-879C-6396A4E289DA}.Release|Any CPU.Build.0 = Release|Any CPU
		{A465D9FA-C198-432B-B63F-5AE6AA45EDEA}.Debug|Any CPU.ActiveCfg = Debug|Any CPU
		{A465D9FA-C198-432B-B63F-5AE6AA45EDEA}.Debug|Any CPU.Build.0 = Debug|Any CPU
		{A465D9FA-C198-432B-B63F-5AE6AA45EDEA}.Release|Any CPU.ActiveCfg = Release|Any CPU
		{A465D9FA-C198-432B-B63F-5AE6AA45EDEA}.Release|Any CPU.Build.0 = Release|Any CPU
		{8B834A9B-D383-4EC7-BE29-6E9ED2485220}.Debug|Any CPU.ActiveCfg = Debug|Any CPU
		{8B834A9B-D383-4EC7-BE29-6E9ED2485220}.Debug|Any CPU.Build.0 = Debug|Any CPU
		{8B834A9B-D383-4EC7-BE29-6E9ED2485220}.Release|Any CPU.ActiveCfg = Release|Any CPU
		{8B834A9B-D383-4EC7-BE29-6E9ED2485220}.Release|Any CPU.Build.0 = Release|Any CPU
		{F0FBB6C1-CC0C-4CE3-8BE7-1666FB6EDD2E}.Debug|Any CPU.ActiveCfg = Debug|Any CPU
		{F0FBB6C1-CC0C-4CE3-8BE7-1666FB6EDD2E}.Debug|Any CPU.Build.0 = Debug|Any CPU
		{F0FBB6C1-CC0C-4CE3-8BE7-1666FB6EDD2E}.Release|Any CPU.ActiveCfg = Release|Any CPU
		{F0FBB6C1-CC0C-4CE3-8BE7-1666FB6EDD2E}.Release|Any CPU.Build.0 = Release|Any CPU
		{4D21B37C-BB3E-4CFE-8828-85A07EFA806A}.Debug|Any CPU.ActiveCfg = Debug|Any CPU
		{4D21B37C-BB3E-4CFE-8828-85A07EFA806A}.Debug|Any CPU.Build.0 = Debug|Any CPU
		{4D21B37C-BB3E-4CFE-8828-85A07EFA806A}.Release|Any CPU.ActiveCfg = Release|Any CPU
		{4D21B37C-BB3E-4CFE-8828-85A07EFA806A}.Release|Any CPU.Build.0 = Release|Any CPU
		{D8C2D698-5148-4D2C-B767-3310067C2AD0}.Debug|Any CPU.ActiveCfg = Debug|Any CPU
		{D8C2D698-5148-4D2C-B767-3310067C2AD0}.Debug|Any CPU.Build.0 = Debug|Any CPU
		{D8C2D698-5148-4D2C-B767-3310067C2AD0}.Release|Any CPU.ActiveCfg = Release|Any CPU
		{D8C2D698-5148-4D2C-B767-3310067C2AD0}.Release|Any CPU.Build.0 = Release|Any CPU
		{17BF99DB-4FA8-438E-A9B4-43595178F2C8}.Debug|Any CPU.ActiveCfg = Debug|Any CPU
		{17BF99DB-4FA8-438E-A9B4-43595178F2C8}.Debug|Any CPU.Build.0 = Debug|Any CPU
		{17BF99DB-4FA8-438E-A9B4-43595178F2C8}.Release|Any CPU.ActiveCfg = Release|Any CPU
		{17BF99DB-4FA8-438E-A9B4-43595178F2C8}.Release|Any CPU.Build.0 = Release|Any CPU
		{76AA82D7-2CA6-40D5-95C1-A1664481A4AD}.Debug|Any CPU.ActiveCfg = Debug|Any CPU
		{76AA82D7-2CA6-40D5-95C1-A1664481A4AD}.Debug|Any CPU.Build.0 = Debug|Any CPU
		{76AA82D7-2CA6-40D5-95C1-A1664481A4AD}.Release|Any CPU.ActiveCfg = Release|Any CPU
		{76AA82D7-2CA6-40D5-95C1-A1664481A4AD}.Release|Any CPU.Build.0 = Release|Any CPU
		{2AEF0F9A-BBA9-4021-8AFB-EFC640CC780D}.Debug|Any CPU.ActiveCfg = Debug|Any CPU
		{2AEF0F9A-BBA9-4021-8AFB-EFC640CC780D}.Debug|Any CPU.Build.0 = Debug|Any CPU
		{2AEF0F9A-BBA9-4021-8AFB-EFC640CC780D}.Release|Any CPU.ActiveCfg = Release|Any CPU
		{2AEF0F9A-BBA9-4021-8AFB-EFC640CC780D}.Release|Any CPU.Build.0 = Release|Any CPU
		{E4261B2E-8669-4C43-996A-C9274AF8EF9F}.Debug|Any CPU.ActiveCfg = Debug|Any CPU
		{E4261B2E-8669-4C43-996A-C9274AF8EF9F}.Debug|Any CPU.Build.0 = Debug|Any CPU
		{E4261B2E-8669-4C43-996A-C9274AF8EF9F}.Release|Any CPU.ActiveCfg = Release|Any CPU
		{E4261B2E-8669-4C43-996A-C9274AF8EF9F}.Release|Any CPU.Build.0 = Release|Any CPU
		{3CF71DB7-4AD3-477E-8974-F3AFA85BD21D}.Debug|Any CPU.ActiveCfg = Debug|Any CPU
		{3CF71DB7-4AD3-477E-8974-F3AFA85BD21D}.Debug|Any CPU.Build.0 = Debug|Any CPU
		{3CF71DB7-4AD3-477E-8974-F3AFA85BD21D}.Release|Any CPU.ActiveCfg = Release|Any CPU
		{3CF71DB7-4AD3-477E-8974-F3AFA85BD21D}.Release|Any CPU.Build.0 = Release|Any CPU
		{E7C7E4C6-2527-4544-9F40-76819A8A1F97}.Debug|Any CPU.ActiveCfg = Debug|Any CPU
		{E7C7E4C6-2527-4544-9F40-76819A8A1F97}.Debug|Any CPU.Build.0 = Debug|Any CPU
		{E7C7E4C6-2527-4544-9F40-76819A8A1F97}.Release|Any CPU.ActiveCfg = Release|Any CPU
		{E7C7E4C6-2527-4544-9F40-76819A8A1F97}.Release|Any CPU.Build.0 = Release|Any CPU
		{33D2DEA3-4964-4AF3-AB39-A9A7973A996F}.Debug|Any CPU.ActiveCfg = Debug|Any CPU
		{33D2DEA3-4964-4AF3-AB39-A9A7973A996F}.Debug|Any CPU.Build.0 = Debug|Any CPU
		{33D2DEA3-4964-4AF3-AB39-A9A7973A996F}.Release|Any CPU.ActiveCfg = Release|Any CPU
		{33D2DEA3-4964-4AF3-AB39-A9A7973A996F}.Release|Any CPU.Build.0 = Release|Any CPU
		{A8EA85B6-981A-4847-9D39-75CD76474D17}.Debug|Any CPU.ActiveCfg = Debug|Any CPU
		{A8EA85B6-981A-4847-9D39-75CD76474D17}.Debug|Any CPU.Build.0 = Debug|Any CPU
		{A8EA85B6-981A-4847-9D39-75CD76474D17}.Release|Any CPU.ActiveCfg = Release|Any CPU
		{A8EA85B6-981A-4847-9D39-75CD76474D17}.Release|Any CPU.Build.0 = Release|Any CPU
		{939C0AE8-7087-48FA-9095-00DD4C07773C}.Debug|Any CPU.ActiveCfg = Debug|Any CPU
		{939C0AE8-7087-48FA-9095-00DD4C07773C}.Debug|Any CPU.Build.0 = Debug|Any CPU
		{939C0AE8-7087-48FA-9095-00DD4C07773C}.Release|Any CPU.ActiveCfg = Release|Any CPU
		{939C0AE8-7087-48FA-9095-00DD4C07773C}.Release|Any CPU.Build.0 = Release|Any CPU
		{94F038DC-EA12-488A-89CE-D496C52D9557}.Debug|Any CPU.ActiveCfg = Debug|Any CPU
		{94F038DC-EA12-488A-89CE-D496C52D9557}.Debug|Any CPU.Build.0 = Debug|Any CPU
		{94F038DC-EA12-488A-89CE-D496C52D9557}.Release|Any CPU.ActiveCfg = Release|Any CPU
		{94F038DC-EA12-488A-89CE-D496C52D9557}.Release|Any CPU.Build.0 = Release|Any CPU
	EndGlobalSection
	GlobalSection(SolutionProperties) = preSolution
		HideSolutionNode = FALSE
	EndGlobalSection
	GlobalSection(NestedProjects) = preSolution
		{03D8256F-8107-4196-A346-5E3EE6E6F11B} = {D994A777-E5B5-4F68-81DA-EC693C54AECC}
		{DF20C809-2BFB-4486-9A5A-3849FEC0682C} = {D994A777-E5B5-4F68-81DA-EC693C54AECC}
		{A7375391-FEB3-41AC-879C-6396A4E289DA} = {D994A777-E5B5-4F68-81DA-EC693C54AECC}
		{A465D9FA-C198-432B-B63F-5AE6AA45EDEA} = {AE8A53B8-4063-43BD-A16D-A2AECB3C9E47}
		{8B834A9B-D383-4EC7-BE29-6E9ED2485220} = {AE8A53B8-4063-43BD-A16D-A2AECB3C9E47}
		{F0FBB6C1-CC0C-4CE3-8BE7-1666FB6EDD2E} = {AE8A53B8-4063-43BD-A16D-A2AECB3C9E47}
		{4D21B37C-BB3E-4CFE-8828-85A07EFA806A} = {CFA8B515-4726-4FED-8E77-0230B6E2F775}
		{D8C2D698-5148-4D2C-B767-3310067C2AD0} = {CFA8B515-4726-4FED-8E77-0230B6E2F775}
		{17BF99DB-4FA8-438E-A9B4-43595178F2C8} = {CFA8B515-4726-4FED-8E77-0230B6E2F775}
		{76AA82D7-2CA6-40D5-95C1-A1664481A4AD} = {920795AD-EEF3-42CD-BEB4-BDD315B98B7B}
		{2AEF0F9A-BBA9-4021-8AFB-EFC640CC780D} = {920795AD-EEF3-42CD-BEB4-BDD315B98B7B}
		{E4261B2E-8669-4C43-996A-C9274AF8EF9F} = {920795AD-EEF3-42CD-BEB4-BDD315B98B7B}
		{3CF71DB7-4AD3-477E-8974-F3AFA85BD21D} = {2AAF6B86-1294-4DB1-9A36-8E76C2B4D4C4}
		{E7C7E4C6-2527-4544-9F40-76819A8A1F97} = {2AAF6B86-1294-4DB1-9A36-8E76C2B4D4C4}
		{33D2DEA3-4964-4AF3-AB39-A9A7973A996F} = {2AAF6B86-1294-4DB1-9A36-8E76C2B4D4C4}
		{A8EA85B6-981A-4847-9D39-75CD76474D17} = {85A01C58-5F0E-41DF-87B7-CC764B245E0E}
		{939C0AE8-7087-48FA-9095-00DD4C07773C} = {85A01C58-5F0E-41DF-87B7-CC764B245E0E}
		{94F038DC-EA12-488A-89CE-D496C52D9557} = {85A01C58-5F0E-41DF-87B7-CC764B245E0E}
	EndGlobalSection
	GlobalSection(ExtensibilityGlobals) = postSolution
		SolutionGuid = {09481F1D-F4AB-4938-85F3-50C8B8DD2957}
	EndGlobalSection
EndGlobal
